
Microsoft Visual Studio Solution File, Format Version 12.00
# Visual Studio 2013
VisualStudioVersion = 12.0.31101.0
MinimumVisualStudioVersion = 10.0.40219.1
Project("{FAE04EC0-301F-11D3-BF4B-00C04F79EFBC}") = "VacationEnvyFE5", "VacationEnvyFE5\VacationEnvyFE5.csproj", "{2DE2B5B7-611C-476A-9109-FA94E699C898}"
EndProject
Project("{FAE04EC0-301F-11D3-BF4B-00C04F79EFBC}") = "VacationEnvyFE5.Data", "VacationEnvyFE5.Data\VacationEnvyFE5.Data.csproj", "{89D799F1-087E-4981-A4F8-BC0292DB5D62}"
EndProject
Project("{FAE04EC0-301F-11D3-BF4B-00C04F79EFBC}") = "VacationEnvyFE5.Data.Models", "VacationEnvyFE5.Data.Models\VacationEnvyFE5.Data.Models.csproj", "{A48023BF-4F5C-42BA-A05D-7243D18E35B4}"
EndProject
Global
	GlobalSection(TeamFoundationVersionControl) = preSolution
		SccNumberOfProjects = 4
		SccEnterpriseProvider = {4CA58AB2-18FA-4F8D-95D4-32DDF27D184C}
		SccTeamFoundationServer = https://vacationenvyteam.visualstudio.com/defaultcollection
		SccLocalPath0 = .
		SccProjectUniqueName1 = VacationEnvyFE5\\VacationEnvyFE5.csproj
		SccProjectName1 = VacationEnvyFE5
		SccLocalPath1 = VacationEnvyFE5
		SccProjectUniqueName2 = VacationEnvyFE5.Data\\VacationEnvyFE5.Data.csproj
		SccProjectName2 = VacationEnvyFE5.Data
		SccLocalPath2 = VacationEnvyFE5.Data
		SccProjectUniqueName3 = VacationEnvyFE5.Data.Models\\VacationEnvyFE5.Data.Models.csproj
		SccProjectName3 = VacationEnvyFE5.Data.Models
		SccLocalPath3 = VacationEnvyFE5.Data.Models
	EndGlobalSection
	GlobalSection(SolutionConfigurationPlatforms) = preSolution
		Debug|Any CPU = Debug|Any CPU
		Release|Any CPU = Release|Any CPU
	EndGlobalSection
	GlobalSection(ProjectConfigurationPlatforms) = postSolution
		{2DE2B5B7-611C-476A-9109-FA94E699C898}.Debug|Any CPU.ActiveCfg = Debug|Any CPU
		{2DE2B5B7-611C-476A-9109-FA94E699C898}.Debug|Any CPU.Build.0 = Debug|Any CPU
		{2DE2B5B7-611C-476A-9109-FA94E699C898}.Release|Any CPU.ActiveCfg = Release|Any CPU
		{2DE2B5B7-611C-476A-9109-FA94E699C898}.Release|Any CPU.Build.0 = Release|Any CPU
		{89D799F1-087E-4981-A4F8-BC0292DB5D62}.Debug|Any CPU.ActiveCfg = Debug|Any CPU
		{89D799F1-087E-4981-A4F8-BC0292DB5D62}.Debug|Any CPU.Build.0 = Debug|Any CPU
		{89D799F1-087E-4981-A4F8-BC0292DB5D62}.Release|Any CPU.ActiveCfg = Release|Any CPU
		{89D799F1-087E-4981-A4F8-BC0292DB5D62}.Release|Any CPU.Build.0 = Release|Any CPU
		{A48023BF-4F5C-42BA-A05D-7243D18E35B4}.Debug|Any CPU.ActiveCfg = Debug|Any CPU
		{A48023BF-4F5C-42BA-A05D-7243D18E35B4}.Debug|Any CPU.Build.0 = Debug|Any CPU
		{A48023BF-4F5C-42BA-A05D-7243D18E35B4}.Release|Any CPU.ActiveCfg = Release|Any CPU
		{A48023BF-4F5C-42BA-A05D-7243D18E35B4}.Release|Any CPU.Build.0 = Release|Any CPU
	EndGlobalSection
	GlobalSection(SolutionProperties) = preSolution
		HideSolutionNode = FALSE
	EndGlobalSection
EndGlobal
